
Microsoft Visual Studio Solution File, Format Version 12.00
# Visual Studio Version 16
VisualStudioVersion = 16.0.32106.194
MinimumVisualStudioVersion = 10.0.40219.1
Project("{9A19103F-16F7-4668-BE54-9A1E7A4F7556}") = "TrackingAPI", "TrackingAPI\TrackingAPI.csproj", "{81C5437D-D1C1-4471-95E1-FEAE1DF4D5B0}"
EndProject
Project("{2150E333-8FDC-42A3-9474-1A3956D46DE8}") = "Tracking", "Tracking", "{9CA869DC-4CF0-45A3-981E-60891C5EC375}"
EndProject
Project("{9A19103F-16F7-4668-BE54-9A1E7A4F7556}") = "Data Access", "Data Access\Data Access.csproj", "{21529B2E-0337-4A0A-844A-DBF70D5F43E0}"
EndProject
Global
	GlobalSection(SolutionConfigurationPlatforms) = preSolution
		Debug|Any CPU = Debug|Any CPU
		Release|Any CPU = Release|Any CPU
	EndGlobalSection
	GlobalSection(ProjectConfigurationPlatforms) = postSolution
		{81C5437D-D1C1-4471-95E1-FEAE1DF4D5B0}.Debug|Any CPU.ActiveCfg = Debug|Any CPU
		{81C5437D-D1C1-4471-95E1-FEAE1DF4D5B0}.Debug|Any CPU.Build.0 = Debug|Any CPU
		{81C5437D-D1C1-4471-95E1-FEAE1DF4D5B0}.Release|Any CPU.ActiveCfg = Release|Any CPU
		{81C5437D-D1C1-4471-95E1-FEAE1DF4D5B0}.Release|Any CPU.Build.0 = Release|Any CPU
		{21529B2E-0337-4A0A-844A-DBF70D5F43E0}.Debug|Any CPU.ActiveCfg = Debug|Any CPU
		{21529B2E-0337-4A0A-844A-DBF70D5F43E0}.Debug|Any CPU.Build.0 = Debug|Any CPU
		{21529B2E-0337-4A0A-844A-DBF70D5F43E0}.Release|Any CPU.ActiveCfg = Release|Any CPU
		{21529B2E-0337-4A0A-844A-DBF70D5F43E0}.Release|Any CPU.Build.0 = Release|Any CPU
	EndGlobalSection
	GlobalSection(SolutionProperties) = preSolution
		HideSolutionNode = FALSE
	EndGlobalSection
	GlobalSection(NestedProjects) = preSolution
		{81C5437D-D1C1-4471-95E1-FEAE1DF4D5B0} = {9CA869DC-4CF0-45A3-981E-60891C5EC375}
		{21529B2E-0337-4A0A-844A-DBF70D5F43E0} = {9CA869DC-4CF0-45A3-981E-60891C5EC375}
	EndGlobalSection
	GlobalSection(ExtensibilityGlobals) = postSolution
		SolutionGuid = {2FC0051D-6752-458A-AE37-2E5062CFFDD0}
	EndGlobalSection
EndGlobal
